
Microsoft Visual Studio Solution File, Format Version 12.00
# Visual Studio Version 17
VisualStudioVersion = 17.9.34902.65
MinimumVisualStudioVersion = 10.0.40219.1
Project("{FAE04EC0-301F-11D3-BF4B-00C04F79EFBC}") = "AlgorandTestnet", "AlgorandTestnet\AlgorandTestnet.csproj", "{10D763E9-4795-457E-A5D4-207B16AB3342}"
EndProject
Global
	GlobalSection(SolutionConfigurationPlatforms) = preSolution
		Debug|Any CPU = Debug|Any CPU
		Release|Any CPU = Release|Any CPU
	EndGlobalSection
	GlobalSection(ProjectConfigurationPlatforms) = postSolution
		{10D763E9-4795-457E-A5D4-207B16AB3342}.Debug|Any CPU.ActiveCfg = Debug|Any CPU
		{10D763E9-4795-457E-A5D4-207B16AB3342}.Debug|Any CPU.Build.0 = Debug|Any CPU
		{10D763E9-4795-457E-A5D4-207B16AB3342}.Release|Any CPU.ActiveCfg = Release|Any CPU
		{10D763E9-4795-457E-A5D4-207B16AB3342}.Release|Any CPU.Build.0 = Release|Any CPU
	EndGlobalSection
	GlobalSection(SolutionProperties) = preSolution
		HideSolutionNode = FALSE
	EndGlobalSection
	GlobalSection(ExtensibilityGlobals) = postSolution
		SolutionGuid = {314D7A13-1DFC-4B11-B0C2-5516F5C3C1A0}
	EndGlobalSection
EndGlobal
