
Microsoft Visual Studio Solution File, Format Version 12.00
# Visual Studio Version 17
VisualStudioVersion = 17.9.34902.65
MinimumVisualStudioVersion = 10.0.40219.1
Project("{FAE04EC0-301F-11D3-BF4B-00C04F79EFBC}") = "AlgoTest", "AlgoTest\AlgoTest.csproj", "{AA36ABA2-E533-466A-9BA2-32AB3CC0CD69}"
EndProject
Global
	GlobalSection(SolutionConfigurationPlatforms) = preSolution
		Debug|Any CPU = Debug|Any CPU
		Release|Any CPU = Release|Any CPU
	EndGlobalSection
	GlobalSection(ProjectConfigurationPlatforms) = postSolution
		{AA36ABA2-E533-466A-9BA2-32AB3CC0CD69}.Debug|Any CPU.ActiveCfg = Debug|Any CPU
		{AA36ABA2-E533-466A-9BA2-32AB3CC0CD69}.Debug|Any CPU.Build.0 = Debug|Any CPU
		{AA36ABA2-E533-466A-9BA2-32AB3CC0CD69}.Release|Any CPU.ActiveCfg = Release|Any CPU
		{AA36ABA2-E533-466A-9BA2-32AB3CC0CD69}.Release|Any CPU.Build.0 = Release|Any CPU
	EndGlobalSection
	GlobalSection(SolutionProperties) = preSolution
		HideSolutionNode = FALSE
	EndGlobalSection
	GlobalSection(ExtensibilityGlobals) = postSolution
		SolutionGuid = {C3677334-0F49-4AC5-9D64-F7CD673B2F9C}
	EndGlobalSection
EndGlobal
