
Microsoft Visual Studio Solution File, Format Version 12.00
# Visual Studio Version 17
VisualStudioVersion = 17.9.34902.65
MinimumVisualStudioVersion = 10.0.40219.1
Project("{FAE04EC0-301F-11D3-BF4B-00C04F79EFBC}") = "FirstProgram", "FirstProgram\FirstProgram.csproj", "{73341AC8-3B87-4D63-862D-E33EBD2639DB}"
EndProject
Global
	GlobalSection(SolutionConfigurationPlatforms) = preSolution
		Debug|Any CPU = Debug|Any CPU
		Release|Any CPU = Release|Any CPU
	EndGlobalSection
	GlobalSection(ProjectConfigurationPlatforms) = postSolution
		{73341AC8-3B87-4D63-862D-E33EBD2639DB}.Debug|Any CPU.ActiveCfg = Debug|Any CPU
		{73341AC8-3B87-4D63-862D-E33EBD2639DB}.Debug|Any CPU.Build.0 = Debug|Any CPU
		{73341AC8-3B87-4D63-862D-E33EBD2639DB}.Release|Any CPU.ActiveCfg = Release|Any CPU
		{73341AC8-3B87-4D63-862D-E33EBD2639DB}.Release|Any CPU.Build.0 = Release|Any CPU
	EndGlobalSection
	GlobalSection(SolutionProperties) = preSolution
		HideSolutionNode = FALSE
	EndGlobalSection
	GlobalSection(ExtensibilityGlobals) = postSolution
		SolutionGuid = {E4E3275E-FC4D-44A5-9001-2AFEF387C5B0}
	EndGlobalSection
EndGlobal
